
Microsoft Visual Studio Solution File, Format Version 12.00
# Visual Studio Version 17
VisualStudioVersion = 17.5.002.0
MinimumVisualStudioVersion = 10.0.40219.1
Project("{9A19103F-16F7-4668-BE54-9A1E7A4F7556}") = "tt", "tt.csproj", "{25D01B20-0EA7-4BBB-941B-51F4B6387CFC}"
EndProject
Project("{FAE04EC0-301F-11D3-BF4B-00C04F79EFBC}") = "TwitterClone.Tests", "..\TwitterClone.Tests\TwitterClone.Tests.csproj", "{B5BB185B-DFD7-41BE-94C6-5C3E878611B2}"
EndProject
Global
	GlobalSection(SolutionConfigurationPlatforms) = preSolution
		Debug|Any CPU = Debug|Any CPU
		Release|Any CPU = Release|Any CPU
	EndGlobalSection
	GlobalSection(ProjectConfigurationPlatforms) = postSolution
		{25D01B20-0EA7-4BBB-941B-51F4B6387CFC}.Debug|Any CPU.ActiveCfg = Debug|Any CPU
		{25D01B20-0EA7-4BBB-941B-51F4B6387CFC}.Debug|Any CPU.Build.0 = Debug|Any CPU
		{25D01B20-0EA7-4BBB-941B-51F4B6387CFC}.Release|Any CPU.ActiveCfg = Release|Any CPU
		{25D01B20-0EA7-4BBB-941B-51F4B6387CFC}.Release|Any CPU.Build.0 = Release|Any CPU
		{B5BB185B-DFD7-41BE-94C6-5C3E878611B2}.Debug|Any CPU.ActiveCfg = Debug|Any CPU
		{B5BB185B-DFD7-41BE-94C6-5C3E878611B2}.Debug|Any CPU.Build.0 = Debug|Any CPU
		{B5BB185B-DFD7-41BE-94C6-5C3E878611B2}.Release|Any CPU.ActiveCfg = Release|Any CPU
		{B5BB185B-DFD7-41BE-94C6-5C3E878611B2}.Release|Any CPU.Build.0 = Release|Any CPU
	EndGlobalSection
	GlobalSection(SolutionProperties) = preSolution
		HideSolutionNode = FALSE
	EndGlobalSection
	GlobalSection(ExtensibilityGlobals) = postSolution
		SolutionGuid = {B9CBC7B8-5F4A-45B6-82E1-22A5480061CE}
	EndGlobalSection
EndGlobal
